github.com/acheong08/OpenAIAuth v0.0.0-20230429052354-04da1ae7b97d h1:FzHwikMWrKMRWNEg3ovAC0aF256+hC3ATK5EtTWsiMU=
github.com/acheong08/OpenAIAuth v0.0.0-20230429052354-04da1ae7b97d/go.mod h1:QAJ15BSNp3HNgPWPn2CK1zsZnCeBR60v2u798OTBif8=
github.com/andybalholm/brotli v1.0.5 h1:8uQZIdzKmjc/iuPu7O2ioW48L81FgatrcpfFmiq/cCs=
github.com/andybalholm/brotli v1.0.5/go.mod h1:fO7iG3H7G2nSZ7m0zPUDn85XEX2GTukHGRSepvi9Eig=
github.com/bogdanfinn/fhttp v0.5.22 h1:U1jhZRtuaOanWWcm1WdMFnwMvSxUQgvO6berqAVTc5o=
github.com/bogdanfinn/fhttp v0.5.22/go.mod h1:brqi5woc5eSCVHdKYBV8aZLbO7HGqpwyDLeXW+fT18I=
github.com/bogdanfinn/tls-client v1.3.11 h1:3rI+ysCEtnLdmDYlL7cPq2kF3Sj+bSvhgaHPmjLbjOE=
github.com/bogdanfinn/tls-client v1.3.11/go.mod h1:+TLNqnOtUQmYu/qrd/qMuLleoHoTRCcZazkmvNYuiVc=
github.com/bogdanfinn/utls v1.5.16 h1:NhhWkegEcYETBMj9nvgO4lwvc6NcLH+znrXzO3gnw4M=
github.com/bogdanfinn/utls v1.5.16/go.mod h1:mHeRCi69cUiEyVBkKONB1cAbLjRcZnlJbGzttmiuK4o=
github.com/klauspost/compress v1.16.5 h1:IFV2oUNUzZaz+XyusxpLzpzS8Pt5rh0Z16For/djlyI=
github.com/klauspost/compress v1.16.5/go.mod h1:ntbaceVETuRiXiv4DpjP66DpAtAGkEQskQzEyD//IeE=
github.com/tam7t/hpkp v0.0.0-20160821193359-2b70b4024ed5 h1:YqAladjX7xpA6BM04leXMWAEjS0mTZ5kUU9KRBriQJc=
github.com/tam7t/hpkp v0.0.0-20160821193359-2b70b4024ed5/go.mod h1:2JjD2zLQYH5HO74y5+aE3remJQvl6q4Sn6aWA2wD1Ng=
golang.org/x/crypto v0.8.0 h1:pd9TJtTueMTVQXzk8E2XESSMQDj/U7OUu0PqJqPXQjQ=
golang.org/x/crypto v0.8.0/go.mod h1:mRqEX+O9/h5TFCrQhkgjo2yKi0yYA+9ecGkdQoHrywE=
golang.org/x/net v0.9.0 h1:aWJ/m6xSmxWBx+V0XRHTlrYrPG56jKsLdTFmsSsCzOM=
golang.org/x/net v0.9.0/go.mod h1:d48xBJpPfHeWQsugry2m+kC02ZBRGRgulfHnEXEuWns=
golang.org/x/sys v0.7.0 h1:3jlCCIQZPdOYu1h8BkNvLz8Kgwtae2cagcG/VamtZRU=
golang.org/x/sys v0.7.0/go.mod h1:oPkhp1MJrh7nUepCBck5+mAzfO9JrbApNNgaTdGDITg=
golang.org/x/text v0.9.0 h1:2sjJmO8cDvYveuX97RDLsxlyUxLl+GHoLxBiRdHllBE=
golang.org/x/text v0.9.0/go.mod h1:e1OnstbJyHTd6l/uOt8jFFHp6TRDWZR/bV3emEE/zU8=
